
Microsoft Visual Studio Solution File, Format Version 12.00
# Visual Studio Version 17
VisualStudioVersion = 17.14.36603.0 d17.14
MinimumVisualStudioVersion = 10.0.40219.1
Project("{FAE04EC0-301F-11D3-BF4B-00C04F79EFBC}") = "Projekt_ISS_be", "Projekt_ISS_be.csproj", "{B88989EC-4BB0-4EAD-A7E8-4C80BE827F54}"
EndProject
Global
	GlobalSection(SolutionConfigurationPlatforms) = preSolution
		Debug|Any CPU = Debug|Any CPU
		Release|Any CPU = Release|Any CPU
	EndGlobalSection
	GlobalSection(ProjectConfigurationPlatforms) = postSolution
		{B88989EC-4BB0-4EAD-A7E8-4C80BE827F54}.Debug|Any CPU.ActiveCfg = Debug|Any CPU
		{B88989EC-4BB0-4EAD-A7E8-4C80BE827F54}.Debug|Any CPU.Build.0 = Debug|Any CPU
		{B88989EC-4BB0-4EAD-A7E8-4C80BE827F54}.Release|Any CPU.ActiveCfg = Release|Any CPU
		{B88989EC-4BB0-4EAD-A7E8-4C80BE827F54}.Release|Any CPU.Build.0 = Release|Any CPU
	EndGlobalSection
	GlobalSection(SolutionProperties) = preSolution
		HideSolutionNode = FALSE
	EndGlobalSection
	GlobalSection(ExtensibilityGlobals) = postSolution
		SolutionGuid = {CC461A5C-77FF-46E2-8575-19FF7480275F}
	EndGlobalSection
EndGlobal
